
Microsoft Visual Studio Solution File, Format Version 12.00
# Visual Studio 2017
Project("{FAE04EC0-301F-11D3-BF4B-00C04F79EFBC}") = "CykelKraft", "CykelKraft.csproj", "{851625AE-0E41-920A-45F7-4EAB692E0FDE}"
EndProject
Project("{FAE04EC0-301F-11D3-BF4B-00C04F79EFBC}") = "CykelKraft.Editor", "CykelKraft.Editor.csproj", "{1030411E-6392-BB38-EF87-6C1D328BE8D9}"
EndProject
Global
	GlobalSection(SolutionConfigurationPlatforms) = preSolution
		Debug|Any CPU = Debug|Any CPU
		Release|Any CPU = Release|Any CPU
	EndGlobalSection
	GlobalSection(ProjectConfigurationPlatforms) = postSolution
		{851625AE-0E41-920A-45F7-4EAB692E0FDE}.Debug|Any CPU.ActiveCfg = Debug|Any CPU
		{851625AE-0E41-920A-45F7-4EAB692E0FDE}.Debug|Any CPU.Build.0 = Debug|Any CPU
		{851625AE-0E41-920A-45F7-4EAB692E0FDE}.Release|Any CPU.ActiveCfg = Release|Any CPU
		{851625AE-0E41-920A-45F7-4EAB692E0FDE}.Release|Any CPU.Build.0 = Release|Any CPU
		{1030411E-6392-BB38-EF87-6C1D328BE8D9}.Debug|Any CPU.ActiveCfg = Debug|Any CPU
		{1030411E-6392-BB38-EF87-6C1D328BE8D9}.Debug|Any CPU.Build.0 = Debug|Any CPU
		{1030411E-6392-BB38-EF87-6C1D328BE8D9}.Release|Any CPU.ActiveCfg = Release|Any CPU
		{1030411E-6392-BB38-EF87-6C1D328BE8D9}.Release|Any CPU.Build.0 = Release|Any CPU
	EndGlobalSection
	GlobalSection(SolutionProperties) = preSolution
		HideSolutionNode = FALSE
	EndGlobalSection
EndGlobal
